
Microsoft Visual Studio Solution File, Format Version 12.00
# Visual Studio Version 16
VisualStudioVersion = 16.0.30413.136
MinimumVisualStudioVersion = 10.0.40219.1
Project("{FAE04EC0-301F-11D3-BF4B-00C04F79EFBC}") = "TWepED", "TWepED\TWepED.csproj", "{DA349417-D60C-4D20-981F-99378B155D4D}"
EndProject
Global
	GlobalSection(SolutionConfigurationPlatforms) = preSolution
		Debug|Any CPU = Debug|Any CPU
		Release|Any CPU = Release|Any CPU
	EndGlobalSection
	GlobalSection(ProjectConfigurationPlatforms) = postSolution
		{DA349417-D60C-4D20-981F-99378B155D4D}.Debug|Any CPU.ActiveCfg = Debug|Any CPU
		{DA349417-D60C-4D20-981F-99378B155D4D}.Debug|Any CPU.Build.0 = Debug|Any CPU
		{DA349417-D60C-4D20-981F-99378B155D4D}.Release|Any CPU.ActiveCfg = Release|Any CPU
		{DA349417-D60C-4D20-981F-99378B155D4D}.Release|Any CPU.Build.0 = Release|Any CPU
	EndGlobalSection
	GlobalSection(SolutionProperties) = preSolution
		HideSolutionNode = FALSE
	EndGlobalSection
	GlobalSection(ExtensibilityGlobals) = postSolution
		SolutionGuid = {8CA8F4BF-1808-457C-BA01-65611744A84C}
	EndGlobalSection
EndGlobal
